// !$*UTF8*$!
{
	archiveVersion = 1;
	classes = {
	};
	objectVersion = 56;
	objects = {

/* Begin PBXBuildFile section */
		D62504972BF9801600144A9E /* Alamofire in Frameworks */ = {isa = PBXBuildFile; productRef = D62504962BF9801600144A9E /* Alamofire */; };
		D65067FB2BD93FCC0020DC2F /* AppDelegate.swift in Sources */ = {isa = PBXBuildFile; fileRef = D65067FA2BD93FCC0020DC2F /* AppDelegate.swift */; };
		D65067FD2BD93FCC0020DC2F /* SceneDelegate.swift in Sources */ = {isa = PBXBuildFile; fileRef = D65067FC2BD93FCC0020DC2F /* SceneDelegate.swift */; };
		D65067FF2BD93FCC0020DC2F /* ViewController.swift in Sources */ = {isa = PBXBuildFile; fileRef = D65067FE2BD93FCC0020DC2F /* ViewController.swift */; };
		D65068022BD93FCC0020DC2F /* Main.storyboard in Resources */ = {isa = PBXBuildFile; fileRef = D65068002BD93FCC0020DC2F /* Main.storyboard */; };
		D65068052BD93FCC0020DC2F /* Game_Api.xcdatamodeld in Sources */ = {isa = PBXBuildFile; fileRef = D65068032BD93FCC0020DC2F /* Game_Api.xcdatamodeld */; };
		D65068072BD93FDA0020DC2F /* Assets.xcassets in Resources */ = {isa = PBXBuildFile; fileRef = D65068062BD93FDA0020DC2F /* Assets.xcassets */; };
		D650680A2BD93FDA0020DC2F /* LaunchScreen.storyboard in Resources */ = {isa = PBXBuildFile; fileRef = D65068082BD93FDA0020DC2F /* LaunchScreen.storyboard */; };
		D673B6552BDC02530011E541 /* GameCell.swift in Sources */ = {isa = PBXBuildFile; fileRef = D673B6542BDC02530011E541 /* GameCell.swift */; };
		D673B6572BDC08B40011E541 /* GameViewController.swift in Sources */ = {isa = PBXBuildFile; fileRef = D673B6562BDC08B40011E541 /* GameViewController.swift */; };
		D673B65E2BDC52980011E541 /* FavoriteMenu.swift in Sources */ = {isa = PBXBuildFile; fileRef = D673B65D2BDC52980011E541 /* FavoriteMenu.swift */; };
		D6B334D22BD940DD00E0967F /* Constants.swift in Sources */ = {isa = PBXBuildFile; fileRef = D6B334D12BD940DD00E0967F /* Constants.swift */; };
		D6B334D52BD9A0D100E0967F /* Webservice.swift in Sources */ = {isa = PBXBuildFile; fileRef = D6B334D42BD9A0D100E0967F /* Webservice.swift */; };
		D6B334DC2BD9B91500E0967F /* GameLogic.swift in Sources */ = {isa = PBXBuildFile; fileRef = D6B334DB2BD9B91500E0967F /* GameLogic.swift */; };
		D6B334DF2BD9B96700E0967F /* ListGames.swift in Sources */ = {isa = PBXBuildFile; fileRef = D6B334DE2BD9B96700E0967F /* ListGames.swift */; };
		D6B334E12BD9B97100E0967F /* GameDetails.swift in Sources */ = {isa = PBXBuildFile; fileRef = D6B334E02BD9B97100E0967F /* GameDetails.swift */; };
		D6B334E32BD9BB5100E0967F /* Router.swift in Sources */ = {isa = PBXBuildFile; fileRef = D6B334E22BD9BB5100E0967F /* Router.swift */; };
		D6B334EB2BD9DA5900E0967F /* DetailsPageViewController.swift in Sources */ = {isa = PBXBuildFile; fileRef = D6B334EA2BD9DA5900E0967F /* DetailsPageViewController.swift */; };
		D6EEF5392BF979660097E8D9 /* Kingfisher in Frameworks */ = {isa = PBXBuildFile; productRef = D6EEF5382BF979660097E8D9 /* Kingfisher */; };
/* End PBXBuildFile section */

/* Begin PBXCopyFilesBuildPhase section */
		D69EB4F72BE1CAE700ACD77D /* Embed Frameworks */ = {
			isa = PBXCopyFilesBuildPhase;
			buildActionMask = 2147483647;
			dstPath = "";
			dstSubfolderSpec = 10;
			files = (
			);
			name = "Embed Frameworks";
			runOnlyForDeploymentPostprocessing = 0;
		};
/* End PBXCopyFilesBuildPhase section */

/* Begin PBXFileReference section */
		D65067F72BD93FCC0020DC2F /* Game_Api.app */ = {isa = PBXFileReference; explicitFileType = wrapper.application; includeInIndex = 0; path = Game_Api.app; sourceTree = BUILT_PRODUCTS_DIR; };
		D65067FA2BD93FCC0020DC2F /* AppDelegate.swift */ = {isa = PBXFileReference; lastKnownFileType = sourcecode.swift; path = AppDelegate.swift; sourceTree = "<group>"; };
		D65067FC2BD93FCC0020DC2F /* SceneDelegate.swift */ = {isa = PBXFileReference; lastKnownFileType = sourcecode.swift; path = SceneDelegate.swift; sourceTree = "<group>"; };
		D65067FE2BD93FCC0020DC2F /* ViewController.swift */ = {isa = PBXFileReference; lastKnownFileType = sourcecode.swift; path = ViewController.swift; sourceTree = "<group>"; };
		D65068012BD93FCC0020DC2F /* Base */ = {isa = PBXFileReference; lastKnownFileType = file.storyboard; name = Base; path = Base.lproj/Main.storyboard; sourceTree = "<group>"; };
		D65068042BD93FCC0020DC2F /* Game_Api.xcdatamodel */ = {isa = PBXFileReference; lastKnownFileType = wrapper.xcdatamodel; path = Game_Api.xcdatamodel; sourceTree = "<group>"; };
		D65068062BD93FDA0020DC2F /* Assets.xcassets */ = {isa = PBXFileReference; lastKnownFileType = folder.assetcatalog; path = Assets.xcassets; sourceTree = "<group>"; };
		D65068092BD93FDA0020DC2F /* Base */ = {isa = PBXFileReference; lastKnownFileType = file.storyboard; name = Base; path = Base.lproj/LaunchScreen.storyboard; sourceTree = "<group>"; };
		D650680B2BD93FDA0020DC2F /* Info.plist */ = {isa = PBXFileReference; lastKnownFileType = text.plist.xml; path = Info.plist; sourceTree = "<group>"; };
		D673B6542BDC02530011E541 /* GameCell.swift */ = {isa = PBXFileReference; lastKnownFileType = sourcecode.swift; path = GameCell.swift; sourceTree = "<group>"; };
		D673B6562BDC08B40011E541 /* GameViewController.swift */ = {isa = PBXFileReference; lastKnownFileType = sourcecode.swift; path = GameViewController.swift; sourceTree = "<group>"; };
		D673B65D2BDC52980011E541 /* FavoriteMenu.swift */ = {isa = PBXFileReference; lastKnownFileType = sourcecode.swift; path = FavoriteMenu.swift; sourceTree = "<group>"; };
		D6B334D12BD940DD00E0967F /* Constants.swift */ = {isa = PBXFileReference; lastKnownFileType = sourcecode.swift; path = Constants.swift; sourceTree = "<group>"; };
		D6B334D42BD9A0D100E0967F /* Webservice.swift */ = {isa = PBXFileReference; lastKnownFileType = sourcecode.swift; path = Webservice.swift; sourceTree = "<group>"; };
		D6B334DB2BD9B91500E0967F /* GameLogic.swift */ = {isa = PBXFileReference; lastKnownFileType = sourcecode.swift; path = GameLogic.swift; sourceTree = "<group>"; };
		D6B334DE2BD9B96700E0967F /* ListGames.swift */ = {isa = PBXFileReference; lastKnownFileType = sourcecode.swift; path = ListGames.swift; sourceTree = "<group>"; };
		D6B334E02BD9B97100E0967F /* GameDetails.swift */ = {isa = PBXFileReference; lastKnownFileType = sourcecode.swift; path = GameDetails.swift; sourceTree = "<group>"; };
		D6B334E22BD9BB5100E0967F /* Router.swift */ = {isa = PBXFileReference; lastKnownFileType = sourcecode.swift; path = Router.swift; sourceTree = "<group>"; };
		D6B334EA2BD9DA5900E0967F /* DetailsPageViewController.swift */ = {isa = PBXFileReference; lastKnownFileType = sourcecode.swift; path = DetailsPageViewController.swift; sourceTree = "<group>"; };
/* End PBXFileReference section */

/* Begin PBXFrameworksBuildPhase section */
		D65067F42BD93FCC0020DC2F /* Frameworks */ = {
			isa = PBXFrameworksBuildPhase;
			buildActionMask = 2147483647;
			files = (
				D6EEF5392BF979660097E8D9 /* Kingfisher in Frameworks */,
				D62504972BF9801600144A9E /* Alamofire in Frameworks */,
			);
			runOnlyForDeploymentPostprocessing = 0;
		};
/* End PBXFrameworksBuildPhase section */

/* Begin PBXGroup section */
		D65067EE2BD93FCC0020DC2F = {
			isa = PBXGroup;
			children = (
				D65067F92BD93FCC0020DC2F /* Game_Api */,
				D65067F82BD93FCC0020DC2F /* Products */,
				D69EB4F82BE1CB0F00ACD77D /* Frameworks */,
			);
			sourceTree = "<group>";
		};
		D65067F82BD93FCC0020DC2F /* Products */ = {
			isa = PBXGroup;
			children = (
				D65067F72BD93FCC0020DC2F /* Game_Api.app */,
			);
			name = Products;
			sourceTree = "<group>";
		};
		D65067F92BD93FCC0020DC2F /* Game_Api */ = {
			isa = PBXGroup;
			children = (
				D6B334EC2BDA6F6400E0967F /* Cells */,
				D6B334E52BD9D9FA00E0967F /* ViewController */,
				D6B334E42BD9D8FE00E0967F /* Helpers */,
				D6B334DD2BD9B94C00E0967F /* Model */,
				D6B334D32BD9A0A400E0967F /* Network */,
				D65067FA2BD93FCC0020DC2F /* AppDelegate.swift */,
				D65067FC2BD93FCC0020DC2F /* SceneDelegate.swift */,
				D65067FE2BD93FCC0020DC2F /* ViewController.swift */,
				D65068002BD93FCC0020DC2F /* Main.storyboard */,
				D65068062BD93FDA0020DC2F /* Assets.xcassets */,
				D65068082BD93FDA0020DC2F /* LaunchScreen.storyboard */,
				D650680B2BD93FDA0020DC2F /* Info.plist */,
				D65068032BD93FCC0020DC2F /* Game_Api.xcdatamodeld */,
			);
			path = Game_Api;
			sourceTree = "<group>";
		};
		D69EB4F82BE1CB0F00ACD77D /* Frameworks */ = {
			isa = PBXGroup;
			children = (
			);
			name = Frameworks;
			sourceTree = "<group>";
		};
		D6B334D32BD9A0A400E0967F /* Network */ = {
			isa = PBXGroup;
			children = (
				D6B334D42BD9A0D100E0967F /* Webservice.swift */,
				D6B334DB2BD9B91500E0967F /* GameLogic.swift */,
				D6B334E22BD9BB5100E0967F /* Router.swift */,
			);
			path = Network;
			sourceTree = "<group>";
		};
		D6B334DD2BD9B94C00E0967F /* Model */ = {
			isa = PBXGroup;
			children = (
				D6B334DE2BD9B96700E0967F /* ListGames.swift */,
				D6B334E02BD9B97100E0967F /* GameDetails.swift */,
			);
			path = Model;
			sourceTree = "<group>";
		};
		D6B334E42BD9D8FE00E0967F /* Helpers */ = {
			isa = PBXGroup;
			children = (
				D6B334D12BD940DD00E0967F /* Constants.swift */,
			);
			path = Helpers;
			sourceTree = "<group>";
		};
		D6B334E52BD9D9FA00E0967F /* ViewController */ = {
			isa = PBXGroup;
			children = (
				D6B334EA2BD9DA5900E0967F /* DetailsPageViewController.swift */,
				D673B6562BDC08B40011E541 /* GameViewController.swift */,
				D673B65D2BDC52980011E541 /* FavoriteMenu.swift */,
			);
			path = ViewController;
			sourceTree = "<group>";
		};
		D6B334EC2BDA6F6400E0967F /* Cells */ = {
			isa = PBXGroup;
			children = (
				D673B6542BDC02530011E541 /* GameCell.swift */,
			);
			path = Cells;
			sourceTree = "<group>";
		};
/* End PBXGroup section */

/* Begin PBXNativeTarget section */
		D65067F62BD93FCC0020DC2F /* Game_Api */ = {
			isa = PBXNativeTarget;
			buildConfigurationList = D650680E2BD93FDA0020DC2F /* Build configuration list for PBXNativeTarget "Game_Api" */;
			buildPhases = (
				D65067F32BD93FCC0020DC2F /* Sources */,
				D65067F42BD93FCC0020DC2F /* Frameworks */,
				D65067F52BD93FCC0020DC2F /* Resources */,
				D69EB4F72BE1CAE700ACD77D /* Embed Frameworks */,
			);
			buildRules = (
			);
			dependencies = (
			);
			name = Game_Api;
			packageProductDependencies = (
				D6EEF5382BF979660097E8D9 /* Kingfisher */,
				D62504962BF9801600144A9E /* Alamofire */,
			);
			productName = Game_Api;
			productReference = D65067F72BD93FCC0020DC2F /* Game_Api.app */;
			productType = "com.apple.product-type.application";
		};
/* End PBXNativeTarget section */

/* Begin PBXProject section */
		D65067EF2BD93FCC0020DC2F /* Project object */ = {
			isa = PBXProject;
			attributes = {
				BuildIndependentTargetsInParallel = 1;
				LastSwiftUpdateCheck = 1520;
				LastUpgradeCheck = 1520;
				TargetAttributes = {
					D65067F62BD93FCC0020DC2F = {
						CreatedOnToolsVersion = 15.2;
					};
				};
			};
			buildConfigurationList = D65067F22BD93FCC0020DC2F /* Build configuration list for PBXProject "Game_Api" */;
			compatibilityVersion = "Xcode 14.0";
			developmentRegion = en;
			hasScannedForEncodings = 0;
			knownRegions = (
				en,
				Base,
			);
			mainGroup = D65067EE2BD93FCC0020DC2F;
			packageReferences = (
				D6B334D62BD9A69300E0967F /* XCRemoteSwiftPackageReference "Alamofire" */,
				D673B6582BDC3A6F0011E541 /* XCRemoteSwiftPackageReference "Kingfisher" */,
				D6EEF52D2BF977F50097E8D9 /* XCRemoteSwiftPackageReference "SDWebImage" */,
			);
			productRefGroup = D65067F82BD93FCC0020DC2F /* Products */;
			projectDirPath = "";
			projectRoot = "";
			targets = (
				D65067F62BD93FCC0020DC2F /* Game_Api */,
			);
		};
/* End PBXProject section */

/* Begin PBXResourcesBuildPhase section */
		D65067F52BD93FCC0020DC2F /* Resources */ = {
			isa = PBXResourcesBuildPhase;
			buildActionMask = 2147483647;
			files = (
				D650680A2BD93FDA0020DC2F /* LaunchScreen.storyboard in Resources */,
				D65068072BD93FDA0020DC2F /* Assets.xcassets in Resources */,
				D65068022BD93FCC0020DC2F /* Main.storyboard in Resources */,
			);
			runOnlyForDeploymentPostprocessing = 0;
		};
/* End PBXResourcesBuildPhase section */

/* Begin PBXSourcesBuildPhase section */
		D65067F32BD93FCC0020DC2F /* Sources */ = {
			isa = PBXSourcesBuildPhase;
			buildActionMask = 2147483647;
			files = (
				D6B334D22BD940DD00E0967F /* Constants.swift in Sources */,
				D65068052BD93FCC0020DC2F /* Game_Api.xcdatamodeld in Sources */,
				D6B334E32BD9BB5100E0967F /* Router.swift in Sources */,
				D6B334D52BD9A0D100E0967F /* Webservice.swift in Sources */,
				D6B334E12BD9B97100E0967F /* GameDetails.swift in Sources */,
				D6B334DF2BD9B96700E0967F /* ListGames.swift in Sources */,
				D6B334EB2BD9DA5900E0967F /* DetailsPageViewController.swift in Sources */,
				D65067FF2BD93FCC0020DC2F /* ViewController.swift in Sources */,
				D65067FB2BD93FCC0020DC2F /* AppDelegate.swift in Sources */,
				D673B6572BDC08B40011E541 /* GameViewController.swift in Sources */,
				D673B65E2BDC52980011E541 /* FavoriteMenu.swift in Sources */,
				D65067FD2BD93FCC0020DC2F /* SceneDelegate.swift in Sources */,
				D6B334DC2BD9B91500E0967F /* GameLogic.swift in Sources */,
				D673B6552BDC02530011E541 /* GameCell.swift in Sources */,
			);
			runOnlyForDeploymentPostprocessing = 0;
		};
/* End PBXSourcesBuildPhase section */

/* Begin PBXVariantGroup section */
		D65068002BD93FCC0020DC2F /* Main.storyboard */ = {
			isa = PBXVariantGroup;
			children = (
				D65068012BD93FCC0020DC2F /* Base */,
			);
			name = Main.storyboard;
			sourceTree = "<group>";
		};
		D65068082BD93FDA0020DC2F /* LaunchScreen.storyboard */ = {
			isa = PBXVariantGroup;
			children = (
				D65068092BD93FDA0020DC2F /* Base */,
			);
			name = LaunchScreen.storyboard;
			sourceTree = "<group>";
		};
/* End PBXVariantGroup section */

/* Begin XCBuildConfiguration section */
		D650680C2BD93FDA0020DC2F /* Debug */ = {
			isa = XCBuildConfiguration;
			buildSettings = {
				ALWAYS_SEARCH_USER_PATHS = NO;
				ASSETCATALOG_COMPILER_GENERATE_SWIFT_ASSET_SYMBOL_EXTENSIONS = YES;
				CLANG_ANALYZER_NONNULL = YES;
				CLANG_ANALYZER_NUMBER_OBJECT_CONVERSION = YES_AGGRESSIVE;
				CLANG_CXX_LANGUAGE_STANDARD = "gnu++20";
				CLANG_ENABLE_MODULES = YES;
				CLANG_ENABLE_OBJC_ARC = YES;
				CLANG_ENABLE_OBJC_WEAK = YES;
				CLANG_WARN_BLOCK_CAPTURE_AUTORELEASING = YES;
				CLANG_WARN_BOOL_CONVERSION = YES;
				CLANG_WARN_COMMA = YES;
				CLANG_WARN_CONSTANT_CONVERSION = YES;
				CLANG_WARN_DEPRECATED_OBJC_IMPLEMENTATIONS = YES;
				CLANG_WARN_DIRECT_OBJC_ISA_USAGE = YES_ERROR;
				CLANG_WARN_DOCUMENTATION_COMMENTS = YES;
				CLANG_WARN_EMPTY_BODY = YES;
				CLANG_WARN_ENUM_CONVERSION = YES;
				CLANG_WARN_INFINITE_RECURSION = YES;
				CLANG_WARN_INT_CONVERSION = YES;
				CLANG_WARN_NON_LITERAL_NULL_CONVERSION = YES;
				CLANG_WARN_OBJC_IMPLICIT_RETAIN_SELF = YES;
				CLANG_WARN_OBJC_LITERAL_CONVERSION = YES;
				CLANG_WARN_OBJC_ROOT_CLASS = YES_ERROR;
				CLANG_WARN_QUOTED_INCLUDE_IN_FRAMEWORK_HEADER = YES;
				CLANG_WARN_RANGE_LOOP_ANALYSIS = YES;
				CLANG_WARN_STRICT_PROTOTYPES = YES;
				CLANG_WARN_SUSPICIOUS_MOVE = YES;
				CLANG_WARN_UNGUARDED_AVAILABILITY = YES_AGGRESSIVE;
				CLANG_WARN_UNREACHABLE_CODE = YES;
				CLANG_WARN__DUPLICATE_METHOD_MATCH = YES;
				COPY_PHASE_STRIP = NO;
				DEBUG_INFORMATION_FORMAT = dwarf;
				ENABLE_STRICT_OBJC_MSGSEND = YES;
				ENABLE_TESTABILITY = YES;
				ENABLE_USER_SCRIPT_SANDBOXING = YES;
				GCC_C_LANGUAGE_STANDARD = gnu17;
				GCC_DYNAMIC_NO_PIC = NO;
				GCC_NO_COMMON_BLOCKS = YES;
				GCC_OPTIMIZATION_LEVEL = 0;
				GCC_PREPROCESSOR_DEFINITIONS = (
					"DEBUG=1",
					"$(inherited)",
				);
				GCC_WARN_64_TO_32_BIT_CONVERSION = YES;
				GCC_WARN_ABOUT_RETURN_TYPE = YES_ERROR;
				GCC_WARN_UNDECLARED_SELECTOR = YES;
				GCC_WARN_UNINITIALIZED_AUTOS = YES_AGGRESSIVE;
				GCC_WARN_UNUSED_FUNCTION = YES;
				GCC_WARN_UNUSED_VARIABLE = YES;
				IPHONEOS_DEPLOYMENT_TARGET = 17.2;
				LOCALIZATION_PREFERS_STRING_CATALOGS = YES;
				MTL_ENABLE_DEBUG_INFO = INCLUDE_SOURCE;
				MTL_FAST_MATH = YES;
				ONLY_ACTIVE_ARCH = YES;
				SDKROOT = iphoneos;
				SWIFT_ACTIVE_COMPILATION_CONDITIONS = "DEBUG $(inherited)";
				SWIFT_OPTIMIZATION_LEVEL = "-Onone";
			};
			name = Debug;
		};
		D650680D2BD93FDA0020DC2F /* Release */ = {
			isa = XCBuildConfiguration;
			buildSettings = {
				ALWAYS_SEARCH_USER_PATHS = NO;
				ASSETCATALOG_COMPILER_GENERATE_SWIFT_ASSET_SYMBOL_EXTENSIONS = YES;
				CLANG_ANALYZER_NONNULL = YES;
				CLANG_ANALYZER_NUMBER_OBJECT_CONVERSION = YES_AGGRESSIVE;
				CLANG_CXX_LANGUAGE_STANDARD = "gnu++20";
				CLANG_ENABLE_MODULES = YES;
				CLANG_ENABLE_OBJC_ARC = YES;
				CLANG_ENABLE_OBJC_WEAK = YES;
				CLANG_WARN_BLOCK_CAPTURE_AUTORELEASING = YES;
				CLANG_WARN_BOOL_CONVERSION = YES;
				CLANG_WARN_COMMA = YES;
				CLANG_WARN_CONSTANT_CONVERSION = YES;
				CLANG_WARN_DEPRECATED_OBJC_IMPLEMENTATIONS = YES;
				CLANG_WARN_DIRECT_OBJC_ISA_USAGE = YES_ERROR;
				CLANG_WARN_DOCUMENTATION_COMMENTS = YES;
				CLANG_WARN_EMPTY_BODY = YES;
				CLANG_WARN_ENUM_CONVERSION = YES;
				CLANG_WARN_INFINITE_RECURSION = YES;
				CLANG_WARN_INT_CONVERSION = YES;
				CLANG_WARN_NON_LITERAL_NULL_CONVERSION = YES;
				CLANG_WARN_OBJC_IMPLICIT_RETAIN_SELF = YES;
				CLANG_WARN_OBJC_LITERAL_CONVERSION = YES;
				CLANG_WARN_OBJC_ROOT_CLASS = YES_ERROR;
				CLANG_WARN_QUOTED_INCLUDE_IN_FRAMEWORK_HEADER = YES;
				CLANG_WARN_RANGE_LOOP_ANALYSIS = YES;
				CLANG_WARN_STRICT_PROTOTYPES = YES;
				CLANG_WARN_SUSPICIOUS_MOVE = YES;
				CLANG_WARN_UNGUARDED_AVAILABILITY = YES_AGGRESSIVE;
				CLANG_WARN_UNREACHABLE_CODE = YES;
				CLANG_WARN__DUPLICATE_METHOD_MATCH = YES;
				COPY_PHASE_STRIP = NO;
				DEBUG_INFORMATION_FORMAT = "dwarf-with-dsym";
				ENABLE_NS_ASSERTIONS = NO;
				ENABLE_STRICT_OBJC_MSGSEND = YES;
				ENABLE_USER_SCRIPT_SANDBOXING = YES;
				GCC_C_LANGUAGE_STANDARD = gnu17;
				GCC_NO_COMMON_BLOCKS = YES;
				GCC_WARN_64_TO_32_BIT_CONVERSION = YES;
				GCC_WARN_ABOUT_RETURN_TYPE = YES_ERROR;
				GCC_WARN_UNDECLARED_SELECTOR = YES;
				GCC_WARN_UNINITIALIZED_AUTOS = YES_AGGRESSIVE;
				GCC_WARN_UNUSED_FUNCTION = YES;
				GCC_WARN_UNUSED_VARIABLE = YES;
				IPHONEOS_DEPLOYMENT_TARGET = 17.2;
				LOCALIZATION_PREFERS_STRING_CATALOGS = YES;
				MTL_ENABLE_DEBUG_INFO = NO;
				MTL_FAST_MATH = YES;
				SDKROOT = iphoneos;
				SWIFT_COMPILATION_MODE = wholemodule;
				VALIDATE_PRODUCT = YES;
			};
			name = Release;
		};
		D650680F2BD93FDA0020DC2F /* Debug */ = {
			isa = XCBuildConfiguration;
			buildSettings = {
				ASSETCATALOG_COMPILER_APPICON_NAME = AppIcon;
				ASSETCATALOG_COMPILER_GLOBAL_ACCENT_COLOR_NAME = AccentColor;
				CODE_SIGN_STYLE = Automatic;
				CURRENT_PROJECT_VERSION = 1;
				DEVELOPMENT_TEAM = ZN3LX5MVT8;
				GENERATE_INFOPLIST_FILE = YES;
				INFOPLIST_FILE = Game_Api/Info.plist;
				INFOPLIST_KEY_UIApplicationSupportsIndirectInputEvents = YES;
				INFOPLIST_KEY_UILaunchStoryboardName = LaunchScreen;
				INFOPLIST_KEY_UIMainStoryboardFile = Main;
				INFOPLIST_KEY_UISupportedInterfaceOrientations_iPad = "UIInterfaceOrientationPortrait UIInterfaceOrientationPortraitUpsideDown UIInterfaceOrientationLandscapeLeft UIInterfaceOrientationLandscapeRight";
				INFOPLIST_KEY_UISupportedInterfaceOrientations_iPhone = "UIInterfaceOrientationPortrait UIInterfaceOrientationLandscapeLeft UIInterfaceOrientationLandscapeRight";
				LD_RUNPATH_SEARCH_PATHS = (
					"$(inherited)",
					"@executable_path/Frameworks",
				);
				MARKETING_VERSION = 1.0;
				PRODUCT_BUNDLE_IDENTIFIER = "com.muratalbayrak.Game-Api2";
				PRODUCT_NAME = "$(TARGET_NAME)";
				SWIFT_EMIT_LOC_STRINGS = YES;
				SWIFT_VERSION = 5.0;
				TARGETED_DEVICE_FAMILY = 1;
			};
			name = Debug;
		};
		D65068102BD93FDA0020DC2F /* Release */ = {
			isa = XCBuildConfiguration;
			buildSettings = {
				ASSETCATALOG_COMPILER_APPICON_NAME = AppIcon;
				ASSETCATALOG_COMPILER_GLOBAL_ACCENT_COLOR_NAME = AccentColor;
				CODE_SIGN_STYLE = Automatic;
				CURRENT_PROJECT_VERSION = 1;
				DEVELOPMENT_TEAM = ZN3LX5MVT8;
				GENERATE_INFOPLIST_FILE = YES;
				INFOPLIST_FILE = Game_Api/Info.plist;
				INFOPLIST_KEY_UIApplicationSupportsIndirectInputEvents = YES;
				INFOPLIST_KEY_UILaunchStoryboardName = LaunchScreen;
				INFOPLIST_KEY_UIMainStoryboardFile = Main;
				INFOPLIST_KEY_UISupportedInterfaceOrientations_iPad = "UIInterfaceOrientationPortrait UIInterfaceOrientationPortraitUpsideDown UIInterfaceOrientationLandscapeLeft UIInterfaceOrientationLandscapeRight";
				INFOPLIST_KEY_UISupportedInterfaceOrientations_iPhone = "UIInterfaceOrientationPortrait UIInterfaceOrientationLandscapeLeft UIInterfaceOrientationLandscapeRight";
				LD_RUNPATH_SEARCH_PATHS = (
					"$(inherited)",
					"@executable_path/Frameworks",
				);
				MARKETING_VERSION = 1.0;
				PRODUCT_BUNDLE_IDENTIFIER = "com.muratalbayrak.Game-Api2";
				PRODUCT_NAME = "$(TARGET_NAME)";
				SWIFT_EMIT_LOC_STRINGS = YES;
				SWIFT_VERSION = 5.0;
				TARGETED_DEVICE_FAMILY = 1;
			};
			name = Release;
		};
/* End XCBuildConfiguration section */

/* Begin XCConfigurationList section */
		D65067F22BD93FCC0020DC2F /* Build configuration list for PBXProject "Game_Api" */ = {
			isa = XCConfigurationList;
			buildConfigurations = (
				D650680C2BD93FDA0020DC2F /* Debug */,
				D650680D2BD93FDA0020DC2F /* Release */,
			);
			defaultConfigurationIsVisible = 0;
			defaultConfigurationName = Release;
		};
		D650680E2BD93FDA0020DC2F /* Build configuration list for PBXNativeTarget "Game_Api" */ = {
			isa = XCConfigurationList;
			buildConfigurations = (
				D650680F2BD93FDA0020DC2F /* Debug */,
				D65068102BD93FDA0020DC2F /* Release */,
			);
			defaultConfigurationIsVisible = 0;
			defaultConfigurationName = Release;
		};
/* End XCConfigurationList section */

/* Begin XCRemoteSwiftPackageReference section */
		D673B6582BDC3A6F0011E541 /* XCRemoteSwiftPackageReference "Kingfisher" */ = {
			isa = XCRemoteSwiftPackageReference;
			repositoryURL = "https://github.com/onevcat/Kingfisher";
			requirement = {
				kind = upToNextMajorVersion;
				minimumVersion = 7.11.0;
			};
		};
		D6B334D62BD9A69300E0967F /* XCRemoteSwiftPackageReference "Alamofire" */ = {
			isa = XCRemoteSwiftPackageReference;
			repositoryURL = "https://github.com/Alamofire/Alamofire.git";
			requirement = {
				kind = upToNextMajorVersion;
				minimumVersion = 5.9.1;
			};
		};
		D6EEF52D2BF977F50097E8D9 /* XCRemoteSwiftPackageReference "SDWebImage" */ = {
			isa = XCRemoteSwiftPackageReference;
			repositoryURL = "https://github.com/SDWebImage/SDWebImage";
			requirement = {
				kind = upToNextMajorVersion;
				minimumVersion = 5.19.2;
			};
		};
/* End XCRemoteSwiftPackageReference section */

/* Begin XCSwiftPackageProductDependency section */
		D62504962BF9801600144A9E /* Alamofire */ = {
			isa = XCSwiftPackageProductDependency;
			package = D6B334D62BD9A69300E0967F /* XCRemoteSwiftPackageReference "Alamofire" */;
			productName = Alamofire;
		};
		D6EEF5382BF979660097E8D9 /* Kingfisher */ = {
			isa = XCSwiftPackageProductDependency;
			package = D673B6582BDC3A6F0011E541 /* XCRemoteSwiftPackageReference "Kingfisher" */;
			productName = Kingfisher;
		};
/* End XCSwiftPackageProductDependency section */

/* Begin XCVersionGroup section */
		D65068032BD93FCC0020DC2F /* Game_Api.xcdatamodeld */ = {
			isa = XCVersionGroup;
			children = (
				D65068042BD93FCC0020DC2F /* Game_Api.xcdatamodel */,
			);
			currentVersion = D65068042BD93FCC0020DC2F /* Game_Api.xcdatamodel */;
			path = Game_Api.xcdatamodeld;
			sourceTree = "<group>";
			versionGroupType = wrapper.xcdatamodel;
		};
/* End XCVersionGroup section */
	};
	rootObject = D65067EF2BD93FCC0020DC2F /* Project object */;
}
